
Microsoft Visual Studio Solution File, Format Version 12.00
# Visual Studio Version 17
VisualStudioVersion = 17.14.36203.30
MinimumVisualStudioVersion = 10.0.40219.1
Project("{FAE04EC0-301F-11D3-BF4B-00C04F79EFBC}") = "MovieDirectorAPI", "MovieDirectorAPI.csproj", "{84F9FDB3-F084-44DA-8FC5-B674756E1A33}"
EndProject
Project("{FAE04EC0-301F-11D3-BF4B-00C04F79EFBC}") = "MovieDirectorMVC", "..\MovieDirectorMVC\MovieDirectorMVC.csproj", "{C4CE1FAA-81E8-4510-8E45-C204028867B7}"
EndProject
Global
	GlobalSection(SolutionConfigurationPlatforms) = preSolution
		Debug|Any CPU = Debug|Any CPU
		Release|Any CPU = Release|Any CPU
	EndGlobalSection
	GlobalSection(ProjectConfigurationPlatforms) = postSolution
		{84F9FDB3-F084-44DA-8FC5-B674756E1A33}.Debug|Any CPU.ActiveCfg = Debug|Any CPU
		{84F9FDB3-F084-44DA-8FC5-B674756E1A33}.Debug|Any CPU.Build.0 = Debug|Any CPU
		{84F9FDB3-F084-44DA-8FC5-B674756E1A33}.Release|Any CPU.ActiveCfg = Release|Any CPU
		{84F9FDB3-F084-44DA-8FC5-B674756E1A33}.Release|Any CPU.Build.0 = Release|Any CPU
		{C4CE1FAA-81E8-4510-8E45-C204028867B7}.Debug|Any CPU.ActiveCfg = Debug|Any CPU
		{C4CE1FAA-81E8-4510-8E45-C204028867B7}.Debug|Any CPU.Build.0 = Debug|Any CPU
		{C4CE1FAA-81E8-4510-8E45-C204028867B7}.Release|Any CPU.ActiveCfg = Release|Any CPU
		{C4CE1FAA-81E8-4510-8E45-C204028867B7}.Release|Any CPU.Build.0 = Release|Any CPU
	EndGlobalSection
	GlobalSection(SolutionProperties) = preSolution
		HideSolutionNode = FALSE
	EndGlobalSection
	GlobalSection(ExtensibilityGlobals) = postSolution
		SolutionGuid = {DCE90ACF-050C-4036-99EF-57720423FAE8}
	EndGlobalSection
EndGlobal
